
Microsoft Visual Studio Solution File, Format Version 12.00
# Visual Studio Version 17
VisualStudioVersion = 17.9.34701.34
MinimumVisualStudioVersion = 10.0.40219.1
Project("{FAE04EC0-301F-11D3-BF4B-00C04F79EFBC}") = "WeatherAppTask", "WeatherAppTask\WeatherAppTask.csproj", "{82229558-5381-43C5-B6FA-C77E406686D7}"
EndProject
Global
	GlobalSection(SolutionConfigurationPlatforms) = preSolution
		Debug|Any CPU = Debug|Any CPU
		Release|Any CPU = Release|Any CPU
	EndGlobalSection
	GlobalSection(ProjectConfigurationPlatforms) = postSolution
		{82229558-5381-43C5-B6FA-C77E406686D7}.Debug|Any CPU.ActiveCfg = Debug|Any CPU
		{82229558-5381-43C5-B6FA-C77E406686D7}.Debug|Any CPU.Build.0 = Debug|Any CPU
		{82229558-5381-43C5-B6FA-C77E406686D7}.Release|Any CPU.ActiveCfg = Release|Any CPU
		{82229558-5381-43C5-B6FA-C77E406686D7}.Release|Any CPU.Build.0 = Release|Any CPU
	EndGlobalSection
	GlobalSection(SolutionProperties) = preSolution
		HideSolutionNode = FALSE
	EndGlobalSection
	GlobalSection(ExtensibilityGlobals) = postSolution
		SolutionGuid = {C34040A6-82E9-4C97-955F-253198A2437C}
	EndGlobalSection
EndGlobal
